
Microsoft Visual Studio Solution File, Format Version 12.00
# Visual Studio Version 17
VisualStudioVersion = 17.13.35825.156 d17.13
MinimumVisualStudioVersion = 10.0.40219.1
Project("{FAE04EC0-301F-11D3-BF4B-00C04F79EFBC}") = "ListTask", "ListTask.csproj", "{C187C4AC-EE36-4AE2-B935-5EA06356B57F}"
EndProject
Global
	GlobalSection(SolutionConfigurationPlatforms) = preSolution
		Debug|Any CPU = Debug|Any CPU
		Release|Any CPU = Release|Any CPU
	EndGlobalSection
	GlobalSection(ProjectConfigurationPlatforms) = postSolution
		{C187C4AC-EE36-4AE2-B935-5EA06356B57F}.Debug|Any CPU.ActiveCfg = Debug|Any CPU
		{C187C4AC-EE36-4AE2-B935-5EA06356B57F}.Debug|Any CPU.Build.0 = Debug|Any CPU
		{C187C4AC-EE36-4AE2-B935-5EA06356B57F}.Release|Any CPU.ActiveCfg = Release|Any CPU
		{C187C4AC-EE36-4AE2-B935-5EA06356B57F}.Release|Any CPU.Build.0 = Release|Any CPU
	EndGlobalSection
	GlobalSection(SolutionProperties) = preSolution
		HideSolutionNode = FALSE
	EndGlobalSection
	GlobalSection(ExtensibilityGlobals) = postSolution
		SolutionGuid = {F2EAA2C0-8CD2-471C-BF17-0BBB6A585FE6}
	EndGlobalSection
EndGlobal
